
Microsoft Visual Studio Solution File, Format Version 12.00
# Visual Studio 15
VisualStudioVersion = 15.0.28010.2041
MinimumVisualStudioVersion = 10.0.40219.1
Project("{FAE04EC0-301F-11D3-BF4B-00C04F79EFBC}") = "HelloWorld_MVC", "HelloWorld_MVC\HelloWorld_MVC.csproj", "{EF248D1A-A885-452D-A88B-C7CAD78599A7}"
EndProject
Project("{FAE04EC0-301F-11D3-BF4B-00C04F79EFBC}") = "Class02_App1", "Class02_App1\Class02_App1.csproj", "{1FA42A06-818E-486C-B9DD-E06A5E419C9C}"
EndProject
Global
	GlobalSection(SolutionConfigurationPlatforms) = preSolution
		Debug|Any CPU = Debug|Any CPU
		Release|Any CPU = Release|Any CPU
	EndGlobalSection
	GlobalSection(ProjectConfigurationPlatforms) = postSolution
		{EF248D1A-A885-452D-A88B-C7CAD78599A7}.Debug|Any CPU.ActiveCfg = Debug|Any CPU
		{EF248D1A-A885-452D-A88B-C7CAD78599A7}.Debug|Any CPU.Build.0 = Debug|Any CPU
		{EF248D1A-A885-452D-A88B-C7CAD78599A7}.Release|Any CPU.ActiveCfg = Release|Any CPU
		{EF248D1A-A885-452D-A88B-C7CAD78599A7}.Release|Any CPU.Build.0 = Release|Any CPU
		{1FA42A06-818E-486C-B9DD-E06A5E419C9C}.Debug|Any CPU.ActiveCfg = Debug|Any CPU
		{1FA42A06-818E-486C-B9DD-E06A5E419C9C}.Debug|Any CPU.Build.0 = Debug|Any CPU
		{1FA42A06-818E-486C-B9DD-E06A5E419C9C}.Release|Any CPU.ActiveCfg = Release|Any CPU
		{1FA42A06-818E-486C-B9DD-E06A5E419C9C}.Release|Any CPU.Build.0 = Release|Any CPU
	EndGlobalSection
	GlobalSection(SolutionProperties) = preSolution
		HideSolutionNode = FALSE
	EndGlobalSection
	GlobalSection(ExtensibilityGlobals) = postSolution
		SolutionGuid = {E5B40383-7C70-428E-BA81-831055331C0A}
	EndGlobalSection
EndGlobal
