
Microsoft Visual Studio Solution File, Format Version 12.00
# Visual Studio 15
VisualStudioVersion = 15.0.28010.2041
MinimumVisualStudioVersion = 10.0.40219.1
Project("{FAE04EC0-301F-11D3-BF4B-00C04F79EFBC}") = "WebApplication1", "WebApplication1\WebApplication1.csproj", "{A08DE476-B719-466F-81CE-76CB1B1544BF}"
EndProject
Project("{FAE04EC0-301F-11D3-BF4B-00C04F79EFBC}") = "WebApplication2", "WebApplication2\WebApplication2.csproj", "{A34012E6-FD52-45D7-BFB7-1A56716FAA7E}"
EndProject
Global
	GlobalSection(SolutionConfigurationPlatforms) = preSolution
		Debug|Any CPU = Debug|Any CPU
		Release|Any CPU = Release|Any CPU
	EndGlobalSection
	GlobalSection(ProjectConfigurationPlatforms) = postSolution
		{A08DE476-B719-466F-81CE-76CB1B1544BF}.Debug|Any CPU.ActiveCfg = Debug|Any CPU
		{A08DE476-B719-466F-81CE-76CB1B1544BF}.Debug|Any CPU.Build.0 = Debug|Any CPU
		{A08DE476-B719-466F-81CE-76CB1B1544BF}.Release|Any CPU.ActiveCfg = Release|Any CPU
		{A08DE476-B719-466F-81CE-76CB1B1544BF}.Release|Any CPU.Build.0 = Release|Any CPU
		{A34012E6-FD52-45D7-BFB7-1A56716FAA7E}.Debug|Any CPU.ActiveCfg = Debug|Any CPU
		{A34012E6-FD52-45D7-BFB7-1A56716FAA7E}.Debug|Any CPU.Build.0 = Debug|Any CPU
		{A34012E6-FD52-45D7-BFB7-1A56716FAA7E}.Release|Any CPU.ActiveCfg = Release|Any CPU
		{A34012E6-FD52-45D7-BFB7-1A56716FAA7E}.Release|Any CPU.Build.0 = Release|Any CPU
	EndGlobalSection
	GlobalSection(SolutionProperties) = preSolution
		HideSolutionNode = FALSE
	EndGlobalSection
	GlobalSection(ExtensibilityGlobals) = postSolution
		SolutionGuid = {C91CFEC5-6834-4083-9DCC-9295C0F53968}
	EndGlobalSection
EndGlobal
