
Microsoft Visual Studio Solution File, Format Version 12.00
# Visual Studio 15
VisualStudioVersion = 15.0.28010.2041
MinimumVisualStudioVersion = 10.0.40219.1
Project("{FAE04EC0-301F-11D3-BF4B-00C04F79EFBC}") = "PremierLeague", "PremierLeague\PremierLeague.csproj", "{896AE80E-45C7-440B-A509-A82758E62ED5}"
EndProject
Global
	GlobalSection(SolutionConfigurationPlatforms) = preSolution
		Debug|Any CPU = Debug|Any CPU
		Release|Any CPU = Release|Any CPU
	EndGlobalSection
	GlobalSection(ProjectConfigurationPlatforms) = postSolution
		{896AE80E-45C7-440B-A509-A82758E62ED5}.Debug|Any CPU.ActiveCfg = Debug|Any CPU
		{896AE80E-45C7-440B-A509-A82758E62ED5}.Debug|Any CPU.Build.0 = Debug|Any CPU
		{896AE80E-45C7-440B-A509-A82758E62ED5}.Release|Any CPU.ActiveCfg = Release|Any CPU
		{896AE80E-45C7-440B-A509-A82758E62ED5}.Release|Any CPU.Build.0 = Release|Any CPU
	EndGlobalSection
	GlobalSection(SolutionProperties) = preSolution
		HideSolutionNode = FALSE
	EndGlobalSection
	GlobalSection(ExtensibilityGlobals) = postSolution
		SolutionGuid = {2C044923-CAD5-4496-8995-326CEDE729AD}
	EndGlobalSection
EndGlobal
