
Microsoft Visual Studio Solution File, Format Version 12.00
# Visual Studio 15
VisualStudioVersion = 15.0.28010.2041
MinimumVisualStudioVersion = 10.0.40219.1
Project("{FAE04EC0-301F-11D3-BF4B-00C04F79EFBC}") = "Delegates", "Delegates\Delegates.csproj", "{E1C94D6F-D3D9-4E5F-9C78-7E6204A5B88A}"
EndProject
Project("{FAE04EC0-301F-11D3-BF4B-00C04F79EFBC}") = "Actions", "Actions\Actions.csproj", "{55BC25FB-658A-48B7-8847-34B77C706E09}"
EndProject
Project("{FAE04EC0-301F-11D3-BF4B-00C04F79EFBC}") = "Lambda", "Lambda\Lambda.csproj", "{8D24779C-E2E7-4E3A-BCAE-28126074C1FC}"
EndProject
Project("{FAE04EC0-301F-11D3-BF4B-00C04F79EFBC}") = "Exercise1", "Exercise1\Exercise1.csproj", "{BC37388C-1C22-47C8-9427-743833A3A70C}"
EndProject
Global
	GlobalSection(SolutionConfigurationPlatforms) = preSolution
		Debug|Any CPU = Debug|Any CPU
		Release|Any CPU = Release|Any CPU
	EndGlobalSection
	GlobalSection(ProjectConfigurationPlatforms) = postSolution
		{E1C94D6F-D3D9-4E5F-9C78-7E6204A5B88A}.Debug|Any CPU.ActiveCfg = Debug|Any CPU
		{E1C94D6F-D3D9-4E5F-9C78-7E6204A5B88A}.Debug|Any CPU.Build.0 = Debug|Any CPU
		{E1C94D6F-D3D9-4E5F-9C78-7E6204A5B88A}.Release|Any CPU.ActiveCfg = Release|Any CPU
		{E1C94D6F-D3D9-4E5F-9C78-7E6204A5B88A}.Release|Any CPU.Build.0 = Release|Any CPU
		{55BC25FB-658A-48B7-8847-34B77C706E09}.Debug|Any CPU.ActiveCfg = Debug|Any CPU
		{55BC25FB-658A-48B7-8847-34B77C706E09}.Debug|Any CPU.Build.0 = Debug|Any CPU
		{55BC25FB-658A-48B7-8847-34B77C706E09}.Release|Any CPU.ActiveCfg = Release|Any CPU
		{55BC25FB-658A-48B7-8847-34B77C706E09}.Release|Any CPU.Build.0 = Release|Any CPU
		{8D24779C-E2E7-4E3A-BCAE-28126074C1FC}.Debug|Any CPU.ActiveCfg = Debug|Any CPU
		{8D24779C-E2E7-4E3A-BCAE-28126074C1FC}.Debug|Any CPU.Build.0 = Debug|Any CPU
		{8D24779C-E2E7-4E3A-BCAE-28126074C1FC}.Release|Any CPU.ActiveCfg = Release|Any CPU
		{8D24779C-E2E7-4E3A-BCAE-28126074C1FC}.Release|Any CPU.Build.0 = Release|Any CPU
		{BC37388C-1C22-47C8-9427-743833A3A70C}.Debug|Any CPU.ActiveCfg = Debug|Any CPU
		{BC37388C-1C22-47C8-9427-743833A3A70C}.Debug|Any CPU.Build.0 = Debug|Any CPU
		{BC37388C-1C22-47C8-9427-743833A3A70C}.Release|Any CPU.ActiveCfg = Release|Any CPU
		{BC37388C-1C22-47C8-9427-743833A3A70C}.Release|Any CPU.Build.0 = Release|Any CPU
	EndGlobalSection
	GlobalSection(SolutionProperties) = preSolution
		HideSolutionNode = FALSE
	EndGlobalSection
	GlobalSection(ExtensibilityGlobals) = postSolution
		SolutionGuid = {554B6A0E-35DA-4FA6-8D0B-6019ACCD8972}
	EndGlobalSection
EndGlobal
