
Microsoft Visual Studio Solution File, Format Version 12.00
# Visual Studio 15
VisualStudioVersion = 15.0.28010.2041
MinimumVisualStudioVersion = 10.0.40219.1
Project("{FAE04EC0-301F-11D3-BF4B-00C04F79EFBC}") = "OperatorsOverloading", "OperatorsOverloading\OperatorsOverloading.csproj", "{CAD16FC3-C4E3-417F-8B85-2D8DED7348C8}"
EndProject
Project("{FAE04EC0-301F-11D3-BF4B-00C04F79EFBC}") = "Compare", "Compare\Compare.csproj", "{9C992F9B-4F1D-4FD7-8592-DECA3C2B4599}"
EndProject
Global
	GlobalSection(SolutionConfigurationPlatforms) = preSolution
		Debug|Any CPU = Debug|Any CPU
		Release|Any CPU = Release|Any CPU
	EndGlobalSection
	GlobalSection(ProjectConfigurationPlatforms) = postSolution
		{CAD16FC3-C4E3-417F-8B85-2D8DED7348C8}.Debug|Any CPU.ActiveCfg = Debug|Any CPU
		{CAD16FC3-C4E3-417F-8B85-2D8DED7348C8}.Debug|Any CPU.Build.0 = Debug|Any CPU
		{CAD16FC3-C4E3-417F-8B85-2D8DED7348C8}.Release|Any CPU.ActiveCfg = Release|Any CPU
		{CAD16FC3-C4E3-417F-8B85-2D8DED7348C8}.Release|Any CPU.Build.0 = Release|Any CPU
		{9C992F9B-4F1D-4FD7-8592-DECA3C2B4599}.Debug|Any CPU.ActiveCfg = Debug|Any CPU
		{9C992F9B-4F1D-4FD7-8592-DECA3C2B4599}.Debug|Any CPU.Build.0 = Debug|Any CPU
		{9C992F9B-4F1D-4FD7-8592-DECA3C2B4599}.Release|Any CPU.ActiveCfg = Release|Any CPU
		{9C992F9B-4F1D-4FD7-8592-DECA3C2B4599}.Release|Any CPU.Build.0 = Release|Any CPU
	EndGlobalSection
	GlobalSection(SolutionProperties) = preSolution
		HideSolutionNode = FALSE
	EndGlobalSection
	GlobalSection(ExtensibilityGlobals) = postSolution
		SolutionGuid = {F7593DF4-CFA0-4C50-A77C-8CD31ED19814}
	EndGlobalSection
EndGlobal
