
Microsoft Visual Studio Solution File, Format Version 12.00
# Visual Studio 15
VisualStudioVersion = 15.0.28010.2041
MinimumVisualStudioVersion = 10.0.40219.1
Project("{FAE04EC0-301F-11D3-BF4B-00C04F79EFBC}") = "Threads", "Threads\Threads.csproj", "{D76840D0-275B-4E6D-A47B-8F2883E71829}"
EndProject
Project("{FAE04EC0-301F-11D3-BF4B-00C04F79EFBC}") = "Tasks", "Tasks\Tasks.csproj", "{A7E44673-16C5-441C-8861-D34FDFD942D8}"
EndProject
Project("{FAE04EC0-301F-11D3-BF4B-00C04F79EFBC}") = "AsyncAwait", "AsyncAwait\AsyncAwait.csproj", "{509DBBCD-1325-4856-9562-DEC97975BEC9}"
EndProject
Project("{FAE04EC0-301F-11D3-BF4B-00C04F79EFBC}") = "AsyncAwiatExercise", "AsyncAwiatExercise\AsyncAwiatExercise.csproj", "{D7E573B6-D9CF-4159-B182-04222E3F6B40}"
EndProject
Global
	GlobalSection(SolutionConfigurationPlatforms) = preSolution
		Debug|Any CPU = Debug|Any CPU
		Release|Any CPU = Release|Any CPU
	EndGlobalSection
	GlobalSection(ProjectConfigurationPlatforms) = postSolution
		{D76840D0-275B-4E6D-A47B-8F2883E71829}.Debug|Any CPU.ActiveCfg = Debug|Any CPU
		{D76840D0-275B-4E6D-A47B-8F2883E71829}.Debug|Any CPU.Build.0 = Debug|Any CPU
		{D76840D0-275B-4E6D-A47B-8F2883E71829}.Release|Any CPU.ActiveCfg = Release|Any CPU
		{D76840D0-275B-4E6D-A47B-8F2883E71829}.Release|Any CPU.Build.0 = Release|Any CPU
		{A7E44673-16C5-441C-8861-D34FDFD942D8}.Debug|Any CPU.ActiveCfg = Debug|Any CPU
		{A7E44673-16C5-441C-8861-D34FDFD942D8}.Debug|Any CPU.Build.0 = Debug|Any CPU
		{A7E44673-16C5-441C-8861-D34FDFD942D8}.Release|Any CPU.ActiveCfg = Release|Any CPU
		{A7E44673-16C5-441C-8861-D34FDFD942D8}.Release|Any CPU.Build.0 = Release|Any CPU
		{509DBBCD-1325-4856-9562-DEC97975BEC9}.Debug|Any CPU.ActiveCfg = Debug|Any CPU
		{509DBBCD-1325-4856-9562-DEC97975BEC9}.Debug|Any CPU.Build.0 = Debug|Any CPU
		{509DBBCD-1325-4856-9562-DEC97975BEC9}.Release|Any CPU.ActiveCfg = Release|Any CPU
		{509DBBCD-1325-4856-9562-DEC97975BEC9}.Release|Any CPU.Build.0 = Release|Any CPU
		{D7E573B6-D9CF-4159-B182-04222E3F6B40}.Debug|Any CPU.ActiveCfg = Debug|Any CPU
		{D7E573B6-D9CF-4159-B182-04222E3F6B40}.Debug|Any CPU.Build.0 = Debug|Any CPU
		{D7E573B6-D9CF-4159-B182-04222E3F6B40}.Release|Any CPU.ActiveCfg = Release|Any CPU
		{D7E573B6-D9CF-4159-B182-04222E3F6B40}.Release|Any CPU.Build.0 = Release|Any CPU
	EndGlobalSection
	GlobalSection(SolutionProperties) = preSolution
		HideSolutionNode = FALSE
	EndGlobalSection
	GlobalSection(ExtensibilityGlobals) = postSolution
		SolutionGuid = {844172E0-86DB-4D41-91CE-5FC7F6136E81}
	EndGlobalSection
EndGlobal
