
Microsoft Visual Studio Solution File, Format Version 12.00
# Visual Studio 15
VisualStudioVersion = 15.0.28010.2041
MinimumVisualStudioVersion = 10.0.40219.1
Project("{FAE04EC0-301F-11D3-BF4B-00C04F79EFBC}") = "FootballMatchesDemo", "FootballMatchesDemo\FootballMatchesDemo.csproj", "{61D544E0-BA2D-4CEB-B0D5-AD89ACC3A4FD}"
EndProject
Global
	GlobalSection(SolutionConfigurationPlatforms) = preSolution
		Debug|Any CPU = Debug|Any CPU
		Release|Any CPU = Release|Any CPU
	EndGlobalSection
	GlobalSection(ProjectConfigurationPlatforms) = postSolution
		{61D544E0-BA2D-4CEB-B0D5-AD89ACC3A4FD}.Debug|Any CPU.ActiveCfg = Debug|Any CPU
		{61D544E0-BA2D-4CEB-B0D5-AD89ACC3A4FD}.Debug|Any CPU.Build.0 = Debug|Any CPU
		{61D544E0-BA2D-4CEB-B0D5-AD89ACC3A4FD}.Release|Any CPU.ActiveCfg = Release|Any CPU
		{61D544E0-BA2D-4CEB-B0D5-AD89ACC3A4FD}.Release|Any CPU.Build.0 = Release|Any CPU
	EndGlobalSection
	GlobalSection(SolutionProperties) = preSolution
		HideSolutionNode = FALSE
	EndGlobalSection
	GlobalSection(ExtensibilityGlobals) = postSolution
		SolutionGuid = {18112068-E778-4358-A043-05360CC7D34C}
	EndGlobalSection
EndGlobal
