
Microsoft Visual Studio Solution File, Format Version 12.00
# Visual Studio 15
VisualStudioVersion = 15.0.28010.2041
MinimumVisualStudioVersion = 10.0.40219.1
Project("{9A19103F-16F7-4668-BE54-9A1E7A4F7556}") = "PizzaDemo", "PizzaDemo\PizzaDemo.csproj", "{FBCB852C-BA49-449F-B10B-95E5B6643FDD}"
EndProject
Project("{FAE04EC0-301F-11D3-BF4B-00C04F79EFBC}") = "Class04_WeApp1", "Class04_WeApp1\Class04_WeApp1.csproj", "{6905E3A3-C2D0-4AF6-A938-A075B2C56CC0}"
EndProject
Global
	GlobalSection(SolutionConfigurationPlatforms) = preSolution
		Debug|Any CPU = Debug|Any CPU
		Release|Any CPU = Release|Any CPU
	EndGlobalSection
	GlobalSection(ProjectConfigurationPlatforms) = postSolution
		{FBCB852C-BA49-449F-B10B-95E5B6643FDD}.Debug|Any CPU.ActiveCfg = Debug|Any CPU
		{FBCB852C-BA49-449F-B10B-95E5B6643FDD}.Debug|Any CPU.Build.0 = Debug|Any CPU
		{FBCB852C-BA49-449F-B10B-95E5B6643FDD}.Release|Any CPU.ActiveCfg = Release|Any CPU
		{FBCB852C-BA49-449F-B10B-95E5B6643FDD}.Release|Any CPU.Build.0 = Release|Any CPU
		{6905E3A3-C2D0-4AF6-A938-A075B2C56CC0}.Debug|Any CPU.ActiveCfg = Debug|Any CPU
		{6905E3A3-C2D0-4AF6-A938-A075B2C56CC0}.Debug|Any CPU.Build.0 = Debug|Any CPU
		{6905E3A3-C2D0-4AF6-A938-A075B2C56CC0}.Release|Any CPU.ActiveCfg = Release|Any CPU
		{6905E3A3-C2D0-4AF6-A938-A075B2C56CC0}.Release|Any CPU.Build.0 = Release|Any CPU
	EndGlobalSection
	GlobalSection(SolutionProperties) = preSolution
		HideSolutionNode = FALSE
	EndGlobalSection
	GlobalSection(ExtensibilityGlobals) = postSolution
		SolutionGuid = {E112030B-5AE2-45E3-AE8B-1638F104D4D4}
	EndGlobalSection
EndGlobal
