
Microsoft Visual Studio Solution File, Format Version 12.00
# Visual Studio 15
VisualStudioVersion = 15.0.28010.2041
MinimumVisualStudioVersion = 10.0.40219.1
Project("{FAE04EC0-301F-11D3-BF4B-00C04F79EFBC}") = "WebApi", "WebApi\WebApi.csproj", "{5EED6D16-D0DC-49FC-915C-88E2467E11E2}"
	ProjectSection(ProjectDependencies) = postProject
		{985485CA-D9D4-42B7-9A1A-D9CEB313FE6F} = {985485CA-D9D4-42B7-9A1A-D9CEB313FE6F}
	EndProjectSection
EndProject
Project("{FAE04EC0-301F-11D3-BF4B-00C04F79EFBC}") = "Models", "Models\Models.csproj", "{57D1ADD1-A147-421D-AC8C-8BE3E520F64B}"
EndProject
Project("{FAE04EC0-301F-11D3-BF4B-00C04F79EFBC}") = "DataModels", "DataModels\DataModels.csproj", "{985485CA-D9D4-42B7-9A1A-D9CEB313FE6F}"
EndProject
Project("{FAE04EC0-301F-11D3-BF4B-00C04F79EFBC}") = "Data", "Data\Data.csproj", "{ECE31FA4-178F-49C3-B97B-2F7CBBD8CADE}"
EndProject
Project("{FAE04EC0-301F-11D3-BF4B-00C04F79EFBC}") = "Buisnes", "Buisnes\Buisnes.csproj", "{BF33A05E-4093-4EE4-AC09-C0923E3EA6B8}"
EndProject
Global
	GlobalSection(SolutionConfigurationPlatforms) = preSolution
		Debug|Any CPU = Debug|Any CPU
		Release|Any CPU = Release|Any CPU
	EndGlobalSection
	GlobalSection(ProjectConfigurationPlatforms) = postSolution
		{5EED6D16-D0DC-49FC-915C-88E2467E11E2}.Debug|Any CPU.ActiveCfg = Debug|Any CPU
		{5EED6D16-D0DC-49FC-915C-88E2467E11E2}.Debug|Any CPU.Build.0 = Debug|Any CPU
		{5EED6D16-D0DC-49FC-915C-88E2467E11E2}.Release|Any CPU.ActiveCfg = Release|Any CPU
		{5EED6D16-D0DC-49FC-915C-88E2467E11E2}.Release|Any CPU.Build.0 = Release|Any CPU
		{57D1ADD1-A147-421D-AC8C-8BE3E520F64B}.Debug|Any CPU.ActiveCfg = Debug|Any CPU
		{57D1ADD1-A147-421D-AC8C-8BE3E520F64B}.Debug|Any CPU.Build.0 = Debug|Any CPU
		{57D1ADD1-A147-421D-AC8C-8BE3E520F64B}.Release|Any CPU.ActiveCfg = Release|Any CPU
		{57D1ADD1-A147-421D-AC8C-8BE3E520F64B}.Release|Any CPU.Build.0 = Release|Any CPU
		{985485CA-D9D4-42B7-9A1A-D9CEB313FE6F}.Debug|Any CPU.ActiveCfg = Debug|Any CPU
		{985485CA-D9D4-42B7-9A1A-D9CEB313FE6F}.Debug|Any CPU.Build.0 = Debug|Any CPU
		{985485CA-D9D4-42B7-9A1A-D9CEB313FE6F}.Release|Any CPU.ActiveCfg = Release|Any CPU
		{985485CA-D9D4-42B7-9A1A-D9CEB313FE6F}.Release|Any CPU.Build.0 = Release|Any CPU
		{ECE31FA4-178F-49C3-B97B-2F7CBBD8CADE}.Debug|Any CPU.ActiveCfg = Debug|Any CPU
		{ECE31FA4-178F-49C3-B97B-2F7CBBD8CADE}.Debug|Any CPU.Build.0 = Debug|Any CPU
		{ECE31FA4-178F-49C3-B97B-2F7CBBD8CADE}.Release|Any CPU.ActiveCfg = Release|Any CPU
		{ECE31FA4-178F-49C3-B97B-2F7CBBD8CADE}.Release|Any CPU.Build.0 = Release|Any CPU
		{BF33A05E-4093-4EE4-AC09-C0923E3EA6B8}.Debug|Any CPU.ActiveCfg = Debug|Any CPU
		{BF33A05E-4093-4EE4-AC09-C0923E3EA6B8}.Debug|Any CPU.Build.0 = Debug|Any CPU
		{BF33A05E-4093-4EE4-AC09-C0923E3EA6B8}.Release|Any CPU.ActiveCfg = Release|Any CPU
		{BF33A05E-4093-4EE4-AC09-C0923E3EA6B8}.Release|Any CPU.Build.0 = Release|Any CPU
	EndGlobalSection
	GlobalSection(SolutionProperties) = preSolution
		HideSolutionNode = FALSE
	EndGlobalSection
	GlobalSection(ExtensibilityGlobals) = postSolution
		SolutionGuid = {2DC3A280-99CD-4489-85B9-2028DCA19279}
	EndGlobalSection
EndGlobal
