
Microsoft Visual Studio Solution File, Format Version 12.00
# Visual Studio 15
VisualStudioVersion = 15.0.28010.2041
MinimumVisualStudioVersion = 10.0.40219.1
Project("{FAE04EC0-301F-11D3-BF4B-00C04F79EFBC}") = "Loops", "Loops\Loops.csproj", "{8D9D107B-C312-4F2E-8390-BE6A99B64BFF}"
EndProject
Project("{FAE04EC0-301F-11D3-BF4B-00C04F79EFBC}") = "Exercise1", "Exercise1\Exercise1.csproj", "{5E76B6C3-69CD-4444-8709-A99E6ABBF5C9}"
EndProject
Project("{FAE04EC0-301F-11D3-BF4B-00C04F79EFBC}") = "Exercise2", "Exercise2\Exercise2.csproj", "{8AF6B9B6-64EB-4058-8F57-0D159FADA543}"
EndProject
Project("{FAE04EC0-301F-11D3-BF4B-00C04F79EFBC}") = "Exercise3", "Exercise3\Exercise3.csproj", "{4DF396C6-D415-49B8-8F3F-DB72F771AE31}"
EndProject
Project("{FAE04EC0-301F-11D3-BF4B-00C04F79EFBC}") = "Arrays", "Arrays\Arrays.csproj", "{B2282385-9BA8-4345-9B9B-751D4816CB64}"
EndProject
Project("{FAE04EC0-301F-11D3-BF4B-00C04F79EFBC}") = "Exercise4", "Exercise4\Exercise4.csproj", "{1CFEF03D-953E-4DD4-B575-00AD5AD386CA}"
EndProject
Project("{FAE04EC0-301F-11D3-BF4B-00C04F79EFBC}") = "Exercise5", "Exercise5\Exercise5.csproj", "{A0F2DEE9-419E-46C5-A1B9-883DE04A5415}"
EndProject
Global
	GlobalSection(SolutionConfigurationPlatforms) = preSolution
		Debug|Any CPU = Debug|Any CPU
		Release|Any CPU = Release|Any CPU
	EndGlobalSection
	GlobalSection(ProjectConfigurationPlatforms) = postSolution
		{8D9D107B-C312-4F2E-8390-BE6A99B64BFF}.Debug|Any CPU.ActiveCfg = Debug|Any CPU
		{8D9D107B-C312-4F2E-8390-BE6A99B64BFF}.Debug|Any CPU.Build.0 = Debug|Any CPU
		{8D9D107B-C312-4F2E-8390-BE6A99B64BFF}.Release|Any CPU.ActiveCfg = Release|Any CPU
		{8D9D107B-C312-4F2E-8390-BE6A99B64BFF}.Release|Any CPU.Build.0 = Release|Any CPU
		{5E76B6C3-69CD-4444-8709-A99E6ABBF5C9}.Debug|Any CPU.ActiveCfg = Debug|Any CPU
		{5E76B6C3-69CD-4444-8709-A99E6ABBF5C9}.Debug|Any CPU.Build.0 = Debug|Any CPU
		{5E76B6C3-69CD-4444-8709-A99E6ABBF5C9}.Release|Any CPU.ActiveCfg = Release|Any CPU
		{5E76B6C3-69CD-4444-8709-A99E6ABBF5C9}.Release|Any CPU.Build.0 = Release|Any CPU
		{8AF6B9B6-64EB-4058-8F57-0D159FADA543}.Debug|Any CPU.ActiveCfg = Debug|Any CPU
		{8AF6B9B6-64EB-4058-8F57-0D159FADA543}.Debug|Any CPU.Build.0 = Debug|Any CPU
		{8AF6B9B6-64EB-4058-8F57-0D159FADA543}.Release|Any CPU.ActiveCfg = Release|Any CPU
		{8AF6B9B6-64EB-4058-8F57-0D159FADA543}.Release|Any CPU.Build.0 = Release|Any CPU
		{4DF396C6-D415-49B8-8F3F-DB72F771AE31}.Debug|Any CPU.ActiveCfg = Debug|Any CPU
		{4DF396C6-D415-49B8-8F3F-DB72F771AE31}.Debug|Any CPU.Build.0 = Debug|Any CPU
		{4DF396C6-D415-49B8-8F3F-DB72F771AE31}.Release|Any CPU.ActiveCfg = Release|Any CPU
		{4DF396C6-D415-49B8-8F3F-DB72F771AE31}.Release|Any CPU.Build.0 = Release|Any CPU
		{B2282385-9BA8-4345-9B9B-751D4816CB64}.Debug|Any CPU.ActiveCfg = Debug|Any CPU
		{B2282385-9BA8-4345-9B9B-751D4816CB64}.Debug|Any CPU.Build.0 = Debug|Any CPU
		{B2282385-9BA8-4345-9B9B-751D4816CB64}.Release|Any CPU.ActiveCfg = Release|Any CPU
		{B2282385-9BA8-4345-9B9B-751D4816CB64}.Release|Any CPU.Build.0 = Release|Any CPU
		{1CFEF03D-953E-4DD4-B575-00AD5AD386CA}.Debug|Any CPU.ActiveCfg = Debug|Any CPU
		{1CFEF03D-953E-4DD4-B575-00AD5AD386CA}.Debug|Any CPU.Build.0 = Debug|Any CPU
		{1CFEF03D-953E-4DD4-B575-00AD5AD386CA}.Release|Any CPU.ActiveCfg = Release|Any CPU
		{1CFEF03D-953E-4DD4-B575-00AD5AD386CA}.Release|Any CPU.Build.0 = Release|Any CPU
		{A0F2DEE9-419E-46C5-A1B9-883DE04A5415}.Debug|Any CPU.ActiveCfg = Debug|Any CPU
		{A0F2DEE9-419E-46C5-A1B9-883DE04A5415}.Debug|Any CPU.Build.0 = Debug|Any CPU
		{A0F2DEE9-419E-46C5-A1B9-883DE04A5415}.Release|Any CPU.ActiveCfg = Release|Any CPU
		{A0F2DEE9-419E-46C5-A1B9-883DE04A5415}.Release|Any CPU.Build.0 = Release|Any CPU
	EndGlobalSection
	GlobalSection(SolutionProperties) = preSolution
		HideSolutionNode = FALSE
	EndGlobalSection
	GlobalSection(ExtensibilityGlobals) = postSolution
		SolutionGuid = {FD7D2ABF-9FF5-4DDE-A8C5-9F380C7C3509}
	EndGlobalSection
EndGlobal
